
Microsoft Visual Studio Solution File, Format Version 12.00
# Visual Studio Version 16
VisualStudioVersion = 16.0.30907.101
MinimumVisualStudioVersion = 10.0.40219.1
Project("{FAE04EC0-301F-11D3-BF4B-00C04F79EFBC}") = "RagnaCustoms.Launcher", "RagnaCustoms.Launcher\RagnaCustoms.Launcher.csproj", "{A48057D9-ABE3-4B9F-98D1-C4C7F4DD1CC2}"
EndProject
Project("{FAE04EC0-301F-11D3-BF4B-00C04F79EFBC}") = "RagnaCustoms.App", "RagnaCustoms.App\RagnaCustoms.App.csproj", "{C6A7B343-F2DD-4BA6-98FD-92475B1E7109}"
EndProject
Project("{930C7802-8A8C-48F9-8165-68863BCCD9DD}") = "RagnaCustoms.Installer2", "RagnaCustoms.Installer2\RagnaCustoms.Installer2.wixproj", "{EC272E76-5B40-4130-874C-E66932BFA30A}"
EndProject
Global
	GlobalSection(SolutionConfigurationPlatforms) = preSolution
		Debug|Any CPU = Debug|Any CPU
		Debug|x86 = Debug|x86
		Release|Any CPU = Release|Any CPU
		Release|x86 = Release|x86
	EndGlobalSection
	GlobalSection(ProjectConfigurationPlatforms) = postSolution
		{A48057D9-ABE3-4B9F-98D1-C4C7F4DD1CC2}.Debug|Any CPU.ActiveCfg = Debug|Any CPU
		{A48057D9-ABE3-4B9F-98D1-C4C7F4DD1CC2}.Debug|Any CPU.Build.0 = Debug|Any CPU
		{A48057D9-ABE3-4B9F-98D1-C4C7F4DD1CC2}.Debug|x86.ActiveCfg = Debug|Any CPU
		{A48057D9-ABE3-4B9F-98D1-C4C7F4DD1CC2}.Debug|x86.Build.0 = Debug|Any CPU
		{A48057D9-ABE3-4B9F-98D1-C4C7F4DD1CC2}.Release|Any CPU.ActiveCfg = Release|Any CPU
		{A48057D9-ABE3-4B9F-98D1-C4C7F4DD1CC2}.Release|Any CPU.Build.0 = Release|Any CPU
		{A48057D9-ABE3-4B9F-98D1-C4C7F4DD1CC2}.Release|x86.ActiveCfg = Release|Any CPU
		{A48057D9-ABE3-4B9F-98D1-C4C7F4DD1CC2}.Release|x86.Build.0 = Release|Any CPU
		{C6A7B343-F2DD-4BA6-98FD-92475B1E7109}.Debug|Any CPU.ActiveCfg = Debug|Any CPU
		{C6A7B343-F2DD-4BA6-98FD-92475B1E7109}.Debug|Any CPU.Build.0 = Debug|Any CPU
		{C6A7B343-F2DD-4BA6-98FD-92475B1E7109}.Debug|x86.ActiveCfg = Debug|Any CPU
		{C6A7B343-F2DD-4BA6-98FD-92475B1E7109}.Debug|x86.Build.0 = Debug|Any CPU
		{C6A7B343-F2DD-4BA6-98FD-92475B1E7109}.Release|Any CPU.ActiveCfg = Release|Any CPU
		{C6A7B343-F2DD-4BA6-98FD-92475B1E7109}.Release|Any CPU.Build.0 = Release|Any CPU
		{C6A7B343-F2DD-4BA6-98FD-92475B1E7109}.Release|x86.ActiveCfg = Release|Any CPU
		{C6A7B343-F2DD-4BA6-98FD-92475B1E7109}.Release|x86.Build.0 = Release|Any CPU
		{EC272E76-5B40-4130-874C-E66932BFA30A}.Debug|Any CPU.ActiveCfg = Debug|x86
		{EC272E76-5B40-4130-874C-E66932BFA30A}.Debug|x86.ActiveCfg = Debug|x86
		{EC272E76-5B40-4130-874C-E66932BFA30A}.Debug|x86.Build.0 = Debug|x86
		{EC272E76-5B40-4130-874C-E66932BFA30A}.Release|Any CPU.ActiveCfg = Release|x86
		{EC272E76-5B40-4130-874C-E66932BFA30A}.Release|Any CPU.Build.0 = Release|x86
		{EC272E76-5B40-4130-874C-E66932BFA30A}.Release|x86.ActiveCfg = Release|x86
		{EC272E76-5B40-4130-874C-E66932BFA30A}.Release|x86.Build.0 = Release|x86
	EndGlobalSection
	GlobalSection(SolutionProperties) = preSolution
		HideSolutionNode = FALSE
	EndGlobalSection
	GlobalSection(ExtensibilityGlobals) = postSolution
		SolutionGuid = {476DCDC5-E8B0-4998-A8D2-F5B3538F687D}
	EndGlobalSection
EndGlobal
